
Microsoft Visual Studio Solution File, Format Version 12.00
# Visual Studio 15
VisualStudioVersion = 15.0.27130.2036
MinimumVisualStudioVersion = 10.0.40219.1
Project("{FAE04EC0-301F-11D3-BF4B-00C04F79EFBC}") = "fibonacci", "fibonacci\fibonacci.csproj", "{19A7E0DC-8370-43D6-BDD1-F28607D0DAB0}"
EndProject
Project("{FAE04EC0-301F-11D3-BF4B-00C04F79EFBC}") = "Fibonacci.Tests", "Fibonacci.Tests\Fibonacci.Tests.csproj", "{4831E205-E766-4C5E-991C-D6975379C252}"
EndProject
Project("{FAE04EC0-301F-11D3-BF4B-00C04F79EFBC}") = "Clocks", "Clocks\Clocks.csproj", "{9C60E6E9-6C4B-4168-81D3-5F2B10C7C655}"
EndProject
Project("{FAE04EC0-301F-11D3-BF4B-00C04F79EFBC}") = "ClocksTest", "ClocksTest\ClocksTest.csproj", "{6096E565-EE77-418F-8649-E231E14F59A9}"
EndProject
Global
	GlobalSection(SolutionConfigurationPlatforms) = preSolution
		Debug|Any CPU = Debug|Any CPU
		Release|Any CPU = Release|Any CPU
	EndGlobalSection
	GlobalSection(ProjectConfigurationPlatforms) = postSolution
		{19A7E0DC-8370-43D6-BDD1-F28607D0DAB0}.Debug|Any CPU.ActiveCfg = Debug|Any CPU
		{19A7E0DC-8370-43D6-BDD1-F28607D0DAB0}.Debug|Any CPU.Build.0 = Debug|Any CPU
		{19A7E0DC-8370-43D6-BDD1-F28607D0DAB0}.Release|Any CPU.ActiveCfg = Release|Any CPU
		{19A7E0DC-8370-43D6-BDD1-F28607D0DAB0}.Release|Any CPU.Build.0 = Release|Any CPU
		{4831E205-E766-4C5E-991C-D6975379C252}.Debug|Any CPU.ActiveCfg = Debug|Any CPU
		{4831E205-E766-4C5E-991C-D6975379C252}.Debug|Any CPU.Build.0 = Debug|Any CPU
		{4831E205-E766-4C5E-991C-D6975379C252}.Release|Any CPU.ActiveCfg = Release|Any CPU
		{4831E205-E766-4C5E-991C-D6975379C252}.Release|Any CPU.Build.0 = Release|Any CPU
		{9C60E6E9-6C4B-4168-81D3-5F2B10C7C655}.Debug|Any CPU.ActiveCfg = Debug|Any CPU
		{9C60E6E9-6C4B-4168-81D3-5F2B10C7C655}.Debug|Any CPU.Build.0 = Debug|Any CPU
		{9C60E6E9-6C4B-4168-81D3-5F2B10C7C655}.Release|Any CPU.ActiveCfg = Release|Any CPU
		{9C60E6E9-6C4B-4168-81D3-5F2B10C7C655}.Release|Any CPU.Build.0 = Release|Any CPU
		{6096E565-EE77-418F-8649-E231E14F59A9}.Debug|Any CPU.ActiveCfg = Debug|Any CPU
		{6096E565-EE77-418F-8649-E231E14F59A9}.Debug|Any CPU.Build.0 = Debug|Any CPU
		{6096E565-EE77-418F-8649-E231E14F59A9}.Release|Any CPU.ActiveCfg = Release|Any CPU
		{6096E565-EE77-418F-8649-E231E14F59A9}.Release|Any CPU.Build.0 = Release|Any CPU
	EndGlobalSection
	GlobalSection(SolutionProperties) = preSolution
		HideSolutionNode = FALSE
	EndGlobalSection
	GlobalSection(ExtensibilityGlobals) = postSolution
		SolutionGuid = {777FEF25-B115-4BEF-B468-3915D74BDB3A}
	EndGlobalSection
EndGlobal
